
Microsoft Visual Studio Solution File, Format Version 12.00
# Visual Studio Version 17
VisualStudioVersion = 17.6.33829.357
MinimumVisualStudioVersion = 10.0.40219.1
Project("{FAE04EC0-301F-11D3-BF4B-00C04F79EFBC}") = "di_demo", "di_demo\di_demo.csproj", "{C753BFE0-D952-4A4E-80CD-EEE719477901}"
EndProject
Global
	GlobalSection(SolutionConfigurationPlatforms) = preSolution
		Debug|Any CPU = Debug|Any CPU
		Release|Any CPU = Release|Any CPU
	EndGlobalSection
	GlobalSection(ProjectConfigurationPlatforms) = postSolution
		{C753BFE0-D952-4A4E-80CD-EEE719477901}.Debug|Any CPU.ActiveCfg = Debug|Any CPU
		{C753BFE0-D952-4A4E-80CD-EEE719477901}.Debug|Any CPU.Build.0 = Debug|Any CPU
		{C753BFE0-D952-4A4E-80CD-EEE719477901}.Release|Any CPU.ActiveCfg = Release|Any CPU
		{C753BFE0-D952-4A4E-80CD-EEE719477901}.Release|Any CPU.Build.0 = Release|Any CPU
	EndGlobalSection
	GlobalSection(SolutionProperties) = preSolution
		HideSolutionNode = FALSE
	EndGlobalSection
	GlobalSection(ExtensibilityGlobals) = postSolution
		SolutionGuid = {A9150CB1-6445-462C-8C83-9FE75D185646}
	EndGlobalSection
EndGlobal
